// !$*UTF8*$!
{
	archiveVersion = 1;
	classes = {
	};
	objectVersion = 50;
	objects = {

/* Begin PBXBuildFile section */
		E70C9CC221E3FFC800B58245 /* AppDelegate.swift in Sources */ = {isa = PBXBuildFile; fileRef = E70C9CC121E3FFC800B58245 /* AppDelegate.swift */; };
		E70C9CC421E3FFC800B58245 /* ViewController.swift in Sources */ = {isa = PBXBuildFile; fileRef = E70C9CC321E3FFC800B58245 /* ViewController.swift */; };
		E70C9CC621E3FFCA00B58245 /* Assets.xcassets in Resources */ = {isa = PBXBuildFile; fileRef = E70C9CC521E3FFCA00B58245 /* Assets.xcassets */; };
		E70C9CC921E3FFCA00B58245 /* Main.storyboard in Resources */ = {isa = PBXBuildFile; fileRef = E70C9CC721E3FFCA00B58245 /* Main.storyboard */; };
		E85DC0403CA3830860ADECF6 /* Pods_PKGServ.framework in Frameworks */ = {isa = PBXBuildFile; fileRef = 2A99BBA543E6B3A648C24E90 /* Pods_PKGServ.framework */; };
/* End PBXBuildFile section */

/* Begin PBXFileReference section */
		10B17C3475633C42FBCD2B02 /* Pods-PKGServ.release.xcconfig */ = {isa = PBXFileReference; includeInIndex = 1; lastKnownFileType = text.xcconfig; name = "Pods-PKGServ.release.xcconfig"; path = "Pods/Target Support Files/Pods-PKGServ/Pods-PKGServ.release.xcconfig"; sourceTree = "<group>"; };
		2A99BBA543E6B3A648C24E90 /* Pods_PKGServ.framework */ = {isa = PBXFileReference; explicitFileType = wrapper.framework; includeInIndex = 0; path = Pods_PKGServ.framework; sourceTree = BUILT_PRODUCTS_DIR; };
		DEBE7771EA7BEE3F599265FA /* Pods-PKGServ.debug.xcconfig */ = {isa = PBXFileReference; includeInIndex = 1; lastKnownFileType = text.xcconfig; name = "Pods-PKGServ.debug.xcconfig"; path = "Pods/Target Support Files/Pods-PKGServ/Pods-PKGServ.debug.xcconfig"; sourceTree = "<group>"; };
		E70C9CBE21E3FFC800B58245 /* PKGServ.app */ = {isa = PBXFileReference; explicitFileType = wrapper.application; includeInIndex = 0; path = PKGServ.app; sourceTree = BUILT_PRODUCTS_DIR; };
		E70C9CC121E3FFC800B58245 /* AppDelegate.swift */ = {isa = PBXFileReference; lastKnownFileType = sourcecode.swift; path = AppDelegate.swift; sourceTree = "<group>"; };
		E70C9CC321E3FFC800B58245 /* ViewController.swift */ = {isa = PBXFileReference; lastKnownFileType = sourcecode.swift; path = ViewController.swift; sourceTree = "<group>"; };
		E70C9CC521E3FFCA00B58245 /* Assets.xcassets */ = {isa = PBXFileReference; lastKnownFileType = folder.assetcatalog; path = Assets.xcassets; sourceTree = "<group>"; };
		E70C9CC821E3FFCA00B58245 /* Base */ = {isa = PBXFileReference; lastKnownFileType = file.storyboard; name = Base; path = Base.lproj/Main.storyboard; sourceTree = "<group>"; };
		E70C9CCA21E3FFCA00B58245 /* Info.plist */ = {isa = PBXFileReference; lastKnownFileType = text.plist.xml; path = Info.plist; sourceTree = "<group>"; };
		E70C9CCB21E3FFCA00B58245 /* PKGServ.entitlements */ = {isa = PBXFileReference; lastKnownFileType = text.plist.entitlements; path = PKGServ.entitlements; sourceTree = "<group>"; };
/* End PBXFileReference section */

/* Begin PBXFrameworksBuildPhase section */
		E70C9CBB21E3FFC800B58245 /* Frameworks */ = {
			isa = PBXFrameworksBuildPhase;
			buildActionMask = 2147483647;
			files = (
				E85DC0403CA3830860ADECF6 /* Pods_PKGServ.framework in Frameworks */,
			);
			runOnlyForDeploymentPostprocessing = 0;
		};
/* End PBXFrameworksBuildPhase section */

/* Begin PBXGroup section */
		D2090138983D359778E4D472 /* Pods */ = {
			isa = PBXGroup;
			children = (
				DEBE7771EA7BEE3F599265FA /* Pods-PKGServ.debug.xcconfig */,
				10B17C3475633C42FBCD2B02 /* Pods-PKGServ.release.xcconfig */,
			);
			name = Pods;
			sourceTree = "<group>";
		};
		E70C9CB521E3FFC800B58245 = {
			isa = PBXGroup;
			children = (
				E70C9CC021E3FFC800B58245 /* PKGServ */,
				E70C9CBF21E3FFC800B58245 /* Products */,
				D2090138983D359778E4D472 /* Pods */,
				E9E3DA7472242F3BB5DC810F /* Frameworks */,
			);
			sourceTree = "<group>";
		};
		E70C9CBF21E3FFC800B58245 /* Products */ = {
			isa = PBXGroup;
			children = (
				E70C9CBE21E3FFC800B58245 /* PKGServ.app */,
			);
			name = Products;
			sourceTree = "<group>";
		};
		E70C9CC021E3FFC800B58245 /* PKGServ */ = {
			isa = PBXGroup;
			children = (
				E70C9CC121E3FFC800B58245 /* AppDelegate.swift */,
				E70C9CC321E3FFC800B58245 /* ViewController.swift */,
				E70C9CC521E3FFCA00B58245 /* Assets.xcassets */,
				E70C9CC721E3FFCA00B58245 /* Main.storyboard */,
				E70C9CCA21E3FFCA00B58245 /* Info.plist */,
				E70C9CCB21E3FFCA00B58245 /* PKGServ.entitlements */,
			);
			path = PKGServ;
			sourceTree = "<group>";
		};
		E9E3DA7472242F3BB5DC810F /* Frameworks */ = {
			isa = PBXGroup;
			children = (
				2A99BBA543E6B3A648C24E90 /* Pods_PKGServ.framework */,
			);
			name = Frameworks;
			sourceTree = "<group>";
		};
/* End PBXGroup section */

/* Begin PBXNativeTarget section */
		E70C9CBD21E3FFC800B58245 /* PKGServ */ = {
			isa = PBXNativeTarget;
			buildConfigurationList = E70C9CCE21E3FFCA00B58245 /* Build configuration list for PBXNativeTarget "PKGServ" */;
			buildPhases = (
				20BAFB8C4D84205EE2615853 /* [CP] Check Pods Manifest.lock */,
				E70C9CBA21E3FFC800B58245 /* Sources */,
				E70C9CBB21E3FFC800B58245 /* Frameworks */,
				E70C9CBC21E3FFC800B58245 /* Resources */,
				48B74025C5E76A0988E377BA /* [CP] Embed Pods Frameworks */,
			);
			buildRules = (
			);
			dependencies = (
			);
			name = PKGServ;
			productName = PKGServ;
			productReference = E70C9CBE21E3FFC800B58245 /* PKGServ.app */;
			productType = "com.apple.product-type.application";
		};
/* End PBXNativeTarget section */

/* Begin PBXProject section */
		E70C9CB621E3FFC800B58245 /* Project object */ = {
			isa = PBXProject;
			attributes = {
				LastSwiftUpdateCheck = 1010;
				LastUpgradeCheck = 1010;
				ORGANIZATIONNAME = "Dylan Bolger";
				TargetAttributes = {
					E70C9CBD21E3FFC800B58245 = {
						CreatedOnToolsVersion = 10.1;
						SystemCapabilities = {
							com.apple.Sandbox = {
								enabled = 1;
							};
						};
					};
				};
			};
			buildConfigurationList = E70C9CB921E3FFC800B58245 /* Build configuration list for PBXProject "PKGServ" */;
			compatibilityVersion = "Xcode 9.3";
			developmentRegion = en;
			hasScannedForEncodings = 0;
			knownRegions = (
				en,
				Base,
			);
			mainGroup = E70C9CB521E3FFC800B58245;
			productRefGroup = E70C9CBF21E3FFC800B58245 /* Products */;
			projectDirPath = "";
			projectRoot = "";
			targets = (
				E70C9CBD21E3FFC800B58245 /* PKGServ */,
			);
		};
/* End PBXProject section */

/* Begin PBXResourcesBuildPhase section */
		E70C9CBC21E3FFC800B58245 /* Resources */ = {
			isa = PBXResourcesBuildPhase;
			buildActionMask = 2147483647;
			files = (
				E70C9CC621E3FFCA00B58245 /* Assets.xcassets in Resources */,
				E70C9CC921E3FFCA00B58245 /* Main.storyboard in Resources */,
			);
			runOnlyForDeploymentPostprocessing = 0;
		};
/* End PBXResourcesBuildPhase section */

/* Begin PBXShellScriptBuildPhase section */
		20BAFB8C4D84205EE2615853 /* [CP] Check Pods Manifest.lock */ = {
			isa = PBXShellScriptBuildPhase;
			buildActionMask = 2147483647;
			files = (
			);
			inputPaths = (
				"${PODS_PODFILE_DIR_PATH}/Podfile.lock",
				"${PODS_ROOT}/Manifest.lock",
			);
			name = "[CP] Check Pods Manifest.lock";
			outputPaths = (
				"$(DERIVED_FILE_DIR)/Pods-PKGServ-checkManifestLockResult.txt",
			);
			runOnlyForDeploymentPostprocessing = 0;
			shellPath = /bin/sh;
			shellScript = "diff \"${PODS_PODFILE_DIR_PATH}/Podfile.lock\" \"${PODS_ROOT}/Manifest.lock\" > /dev/null\nif [ $? != 0 ] ; then\n    # print error to STDERR\n    echo \"error: The sandbox is not in sync with the Podfile.lock. Run 'pod install' or update your CocoaPods installation.\" >&2\n    exit 1\nfi\n# This output is used by Xcode 'outputs' to avoid re-running this script phase.\necho \"SUCCESS\" > \"${SCRIPT_OUTPUT_FILE_0}\"\n";
			showEnvVarsInLog = 0;
		};
		48B74025C5E76A0988E377BA /* [CP] Embed Pods Frameworks */ = {
			isa = PBXShellScriptBuildPhase;
			buildActionMask = 2147483647;
			files = (
			);
			inputPaths = (
				"${SRCROOT}/Pods/Target Support Files/Pods-PKGServ/Pods-PKGServ-frameworks.sh",
				"${BUILT_PRODUCTS_DIR}/Swifter/Swifter.framework",
			);
			name = "[CP] Embed Pods Frameworks";
			outputPaths = (
				"${TARGET_BUILD_DIR}/${FRAMEWORKS_FOLDER_PATH}/Swifter.framework",
			);
			runOnlyForDeploymentPostprocessing = 0;
			shellPath = /bin/sh;
			shellScript = "\"${SRCROOT}/Pods/Target Support Files/Pods-PKGServ/Pods-PKGServ-frameworks.sh\"\n";
			showEnvVarsInLog = 0;
		};
/* End PBXShellScriptBuildPhase section */

/* Begin PBXSourcesBuildPhase section */
		E70C9CBA21E3FFC800B58245 /* Sources */ = {
			isa = PBXSourcesBuildPhase;
			buildActionMask = 2147483647;
			files = (
				E70C9CC421E3FFC800B58245 /* ViewController.swift in Sources */,
				E70C9CC221E3FFC800B58245 /* AppDelegate.swift in Sources */,
			);
			runOnlyForDeploymentPostprocessing = 0;
		};
/* End PBXSourcesBuildPhase section */

/* Begin PBXVariantGroup section */
		E70C9CC721E3FFCA00B58245 /* Main.storyboard */ = {
			isa = PBXVariantGroup;
			children = (
				E70C9CC821E3FFCA00B58245 /* Base */,
			);
			name = Main.storyboard;
			sourceTree = "<group>";
		};
/* End PBXVariantGroup section */

/* Begin XCBuildConfiguration section */
		E70C9CCC21E3FFCA00B58245 /* Debug */ = {
			isa = XCBuildConfiguration;
			buildSettings = {
				ALWAYS_SEARCH_USER_PATHS = NO;
				CLANG_ANALYZER_NONNULL = YES;
				CLANG_ANALYZER_NUMBER_OBJECT_CONVERSION = YES_AGGRESSIVE;
				CLANG_CXX_LANGUAGE_STANDARD = "gnu++14";
				CLANG_CXX_LIBRARY = "libc++";
				CLANG_ENABLE_MODULES = YES;
				CLANG_ENABLE_OBJC_ARC = YES;
				CLANG_ENABLE_OBJC_WEAK = YES;
				CLANG_WARN_BLOCK_CAPTURE_AUTORELEASING = YES;
				CLANG_WARN_BOOL_CONVERSION = YES;
				CLANG_WARN_COMMA = YES;
				CLANG_WARN_CONSTANT_CONVERSION = YES;
				CLANG_WARN_DEPRECATED_OBJC_IMPLEMENTATIONS = YES;
				CLANG_WARN_DIRECT_OBJC_ISA_USAGE = YES_ERROR;
				CLANG_WARN_DOCUMENTATION_COMMENTS = YES;
				CLANG_WARN_EMPTY_BODY = YES;
				CLANG_WARN_ENUM_CONVERSION = YES;
				CLANG_WARN_INFINITE_RECURSION = YES;
				CLANG_WARN_INT_CONVERSION = YES;
				CLANG_WARN_NON_LITERAL_NULL_CONVERSION = YES;
				CLANG_WARN_OBJC_IMPLICIT_RETAIN_SELF = YES;
				CLANG_WARN_OBJC_LITERAL_CONVERSION = YES;
				CLANG_WARN_OBJC_ROOT_CLASS = YES_ERROR;
				CLANG_WARN_RANGE_LOOP_ANALYSIS = YES;
				CLANG_WARN_STRICT_PROTOTYPES = YES;
				CLANG_WARN_SUSPICIOUS_MOVE = YES;
				CLANG_WARN_UNGUARDED_AVAILABILITY = YES_AGGRESSIVE;
				CLANG_WARN_UNREACHABLE_CODE = YES;
				CLANG_WARN__DUPLICATE_METHOD_MATCH = YES;
				CODE_SIGN_IDENTITY = "Mac Developer";
				COPY_PHASE_STRIP = NO;
				DEBUG_INFORMATION_FORMAT = dwarf;
				ENABLE_STRICT_OBJC_MSGSEND = YES;
				ENABLE_TESTABILITY = YES;
				GCC_C_LANGUAGE_STANDARD = gnu11;
				GCC_DYNAMIC_NO_PIC = NO;
				GCC_NO_COMMON_BLOCKS = YES;
				GCC_OPTIMIZATION_LEVEL = 0;
				GCC_PREPROCESSOR_DEFINITIONS = (
					"DEBUG=1",
					"$(inherited)",
				);
				GCC_WARN_64_TO_32_BIT_CONVERSION = YES;
				GCC_WARN_ABOUT_RETURN_TYPE = YES_ERROR;
				GCC_WARN_UNDECLARED_SELECTOR = YES;
				GCC_WARN_UNINITIALIZED_AUTOS = YES_AGGRESSIVE;
				GCC_WARN_UNUSED_FUNCTION = YES;
				GCC_WARN_UNUSED_VARIABLE = YES;
				MACOSX_DEPLOYMENT_TARGET = 10.14;
				MTL_ENABLE_DEBUG_INFO = INCLUDE_SOURCE;
				MTL_FAST_MATH = YES;
				ONLY_ACTIVE_ARCH = YES;
				SDKROOT = macosx;
				SWIFT_ACTIVE_COMPILATION_CONDITIONS = DEBUG;
				SWIFT_OPTIMIZATION_LEVEL = "-Onone";
			};
			name = Debug;
		};
		E70C9CCD21E3FFCA00B58245 /* Release */ = {
			isa = XCBuildConfiguration;
			buildSettings = {
				ALWAYS_SEARCH_USER_PATHS = NO;
				CLANG_ANALYZER_NONNULL = YES;
				CLANG_ANALYZER_NUMBER_OBJECT_CONVERSION = YES_AGGRESSIVE;
				CLANG_CXX_LANGUAGE_STANDARD = "gnu++14";
				CLANG_CXX_LIBRARY = "libc++";
				CLANG_ENABLE_MODULES = YES;
				CLANG_ENABLE_OBJC_ARC = YES;
				CLANG_ENABLE_OBJC_WEAK = YES;
				CLANG_WARN_BLOCK_CAPTURE_AUTORELEASING = YES;
				CLANG_WARN_BOOL_CONVERSION = YES;
				CLANG_WARN_COMMA = YES;
				CLANG_WARN_CONSTANT_CONVERSION = YES;
				CLANG_WARN_DEPRECATED_OBJC_IMPLEMENTATIONS = YES;
				CLANG_WARN_DIRECT_OBJC_ISA_USAGE = YES_ERROR;
				CLANG_WARN_DOCUMENTATION_COMMENTS = YES;
				CLANG_WARN_EMPTY_BODY = YES;
				CLANG_WARN_ENUM_CONVERSION = YES;
				CLANG_WARN_INFINITE_RECURSION = YES;
				CLANG_WARN_INT_CONVERSION = YES;
				CLANG_WARN_NON_LITERAL_NULL_CONVERSION = YES;
				CLANG_WARN_OBJC_IMPLICIT_RETAIN_SELF = YES;
				CLANG_WARN_OBJC_LITERAL_CONVERSION = YES;
				CLANG_WARN_OBJC_ROOT_CLASS = YES_ERROR;
				CLANG_WARN_RANGE_LOOP_ANALYSIS = YES;
				CLANG_WARN_STRICT_PROTOTYPES = YES;
				CLANG_WARN_SUSPICIOUS_MOVE = YES;
				CLANG_WARN_UNGUARDED_AVAILABILITY = YES_AGGRESSIVE;
				CLANG_WARN_UNREACHABLE_CODE = YES;
				CLANG_WARN__DUPLICATE_METHOD_MATCH = YES;
				CODE_SIGN_IDENTITY = "Mac Developer";
				COPY_PHASE_STRIP = NO;
				DEBUG_INFORMATION_FORMAT = "dwarf-with-dsym";
				ENABLE_NS_ASSERTIONS = NO;
				ENABLE_STRICT_OBJC_MSGSEND = YES;
				GCC_C_LANGUAGE_STANDARD = gnu11;
				GCC_NO_COMMON_BLOCKS = YES;
				GCC_WARN_64_TO_32_BIT_CONVERSION = YES;
				GCC_WARN_ABOUT_RETURN_TYPE = YES_ERROR;
				GCC_WARN_UNDECLARED_SELECTOR = YES;
				GCC_WARN_UNINITIALIZED_AUTOS = YES_AGGRESSIVE;
				GCC_WARN_UNUSED_FUNCTION = YES;
				GCC_WARN_UNUSED_VARIABLE = YES;
				MACOSX_DEPLOYMENT_TARGET = 10.14;
				MTL_ENABLE_DEBUG_INFO = NO;
				MTL_FAST_MATH = YES;
				SDKROOT = macosx;
				SWIFT_COMPILATION_MODE = wholemodule;
				SWIFT_OPTIMIZATION_LEVEL = "-O";
			};
			name = Release;
		};
		E70C9CCF21E3FFCA00B58245 /* Debug */ = {
			isa = XCBuildConfiguration;
			baseConfigurationReference = DEBE7771EA7BEE3F599265FA /* Pods-PKGServ.debug.xcconfig */;
			buildSettings = {
				ASSETCATALOG_COMPILER_APPICON_NAME = AppIcon;
				CODE_SIGN_ENTITLEMENTS = PKGServ/PKGServ.entitlements;
				CODE_SIGN_IDENTITY = "Mac Developer";
				CODE_SIGN_STYLE = Automatic;
				COMBINE_HIDPI_IMAGES = YES;
				DEVELOPMENT_TEAM = 99ENHKG76U;
				INFOPLIST_FILE = PKGServ/Info.plist;
				LD_RUNPATH_SEARCH_PATHS = (
					"$(inherited)",
					"@executable_path/../Frameworks",
				);
				PRODUCT_BUNDLE_IDENTIFIER = com.DylanBolger.PKGServ;
				PRODUCT_NAME = "$(TARGET_NAME)";
				PROVISIONING_PROFILE_SPECIFIER = "";
				SWIFT_VERSION = 4.2;
			};
			name = Debug;
		};
		E70C9CD021E3FFCA00B58245 /* Release */ = {
			isa = XCBuildConfiguration;
			baseConfigurationReference = 10B17C3475633C42FBCD2B02 /* Pods-PKGServ.release.xcconfig */;
			buildSettings = {
				ASSETCATALOG_COMPILER_APPICON_NAME = AppIcon;
				CODE_SIGN_ENTITLEMENTS = PKGServ/PKGServ.entitlements;
				CODE_SIGN_IDENTITY = "Mac Developer";
				CODE_SIGN_STYLE = Automatic;
				COMBINE_HIDPI_IMAGES = YES;
				DEVELOPMENT_TEAM = 99ENHKG76U;
				INFOPLIST_FILE = PKGServ/Info.plist;
				LD_RUNPATH_SEARCH_PATHS = (
					"$(inherited)",
					"@executable_path/../Frameworks",
				);
				PRODUCT_BUNDLE_IDENTIFIER = com.DylanBolger.PKGServ;
				PRODUCT_NAME = "$(TARGET_NAME)";
				PROVISIONING_PROFILE_SPECIFIER = "";
				SWIFT_VERSION = 4.2;
			};
			name = Release;
		};
/* End XCBuildConfiguration section */

/* Begin XCConfigurationList section */
		E70C9CB921E3FFC800B58245 /* Build configuration list for PBXProject "PKGServ" */ = {
			isa = XCConfigurationList;
			buildConfigurations = (
				E70C9CCC21E3FFCA00B58245 /* Debug */,
				E70C9CCD21E3FFCA00B58245 /* Release */,
			);
			defaultConfigurationIsVisible = 0;
			defaultConfigurationName = Release;
		};
		E70C9CCE21E3FFCA00B58245 /* Build configuration list for PBXNativeTarget "PKGServ" */ = {
			isa = XCConfigurationList;
			buildConfigurations = (
				E70C9CCF21E3FFCA00B58245 /* Debug */,
				E70C9CD021E3FFCA00B58245 /* Release */,
			);
			defaultConfigurationIsVisible = 0;
			defaultConfigurationName = Release;
		};
/* End XCConfigurationList section */
	};
	rootObject = E70C9CB621E3FFC800B58245 /* Project object */;
}
